
Microsoft Visual Studio Solution File, Format Version 12.00
# Visual Studio Version 17
VisualStudioVersion = 17.7.34009.444
MinimumVisualStudioVersion = 10.0.40219.1
Project("{FAE04EC0-301F-11D3-BF4B-00C04F79EFBC}") = "SelfStudy", "SelfStudy\SelfStudy.csproj", "{D9079510-46A6-4430-AE7E-722F8CC21DDD}"
EndProject
Global
	GlobalSection(SolutionConfigurationPlatforms) = preSolution
		Debug|Any CPU = Debug|Any CPU
		Release|Any CPU = Release|Any CPU
	EndGlobalSection
	GlobalSection(ProjectConfigurationPlatforms) = postSolution
		{D9079510-46A6-4430-AE7E-722F8CC21DDD}.Debug|Any CPU.ActiveCfg = Debug|Any CPU
		{D9079510-46A6-4430-AE7E-722F8CC21DDD}.Debug|Any CPU.Build.0 = Debug|Any CPU
		{D9079510-46A6-4430-AE7E-722F8CC21DDD}.Release|Any CPU.ActiveCfg = Release|Any CPU
		{D9079510-46A6-4430-AE7E-722F8CC21DDD}.Release|Any CPU.Build.0 = Release|Any CPU
	EndGlobalSection
	GlobalSection(SolutionProperties) = preSolution
		HideSolutionNode = FALSE
	EndGlobalSection
	GlobalSection(ExtensibilityGlobals) = postSolution
		SolutionGuid = {AA461D1E-5500-49A0-BC99-CA9703EB4709}
	EndGlobalSection
EndGlobal
